# THIS IS AN AUTOGENERATED FILE. DO NOT EDIT THIS FILE DIRECTLY.
# yarn lockfile v1


eslint-plugin-esayemm@0.0.9:
  version "0.0.9"
  resolved "https://registry.yarnpkg.com/eslint-plugin-esayemm/-/eslint-plugin-esayemm-0.0.9.tgz#33dd298e0de30a06ee788da8a25d9418893c642b"

prettier@1.9.2:
  version "1.9.2"
  resolved "https://registry.yarnpkg.com/prettier/-/prettier-1.9.2.tgz#96bc2132f7a32338e6078aeb29727178c6335827"
